
Microsoft Visual Studio Solution File, Format Version 12.00
# Visual Studio 2012
Project("{FAE04EC0-301F-11D3-BF4B-00C04F79EFBC}") = "DataAccess", "DataAccess\DataAccess.csproj", "{69DBA160-7F8D-4218-BC12-2A833A1ABD89}"
EndProject
Project("{FAE04EC0-301F-11D3-BF4B-00C04F79EFBC}") = "UI", "UI\UI.csproj", "{046F98A1-2348-453F-835C-E136D8F8CA51}"
EndProject
Project("{FAE04EC0-301F-11D3-BF4B-00C04F79EFBC}") = "Business.cs", "Business.cs\Business.cs.csproj", "{72B8A549-9E9E-4867-8805-02A6687D9606}"
EndProject
Global
	GlobalSection(SolutionConfigurationPlatforms) = preSolution
		Debug|Any CPU = Debug|Any CPU
		Release|Any CPU = Release|Any CPU
	EndGlobalSection
	GlobalSection(ProjectConfigurationPlatforms) = postSolution
		{69DBA160-7F8D-4218-BC12-2A833A1ABD89}.Debug|Any CPU.ActiveCfg = Debug|Any CPU
		{69DBA160-7F8D-4218-BC12-2A833A1ABD89}.Debug|Any CPU.Build.0 = Debug|Any CPU
		{69DBA160-7F8D-4218-BC12-2A833A1ABD89}.Release|Any CPU.ActiveCfg = Release|Any CPU
		{69DBA160-7F8D-4218-BC12-2A833A1ABD89}.Release|Any CPU.Build.0 = Release|Any CPU
		{046F98A1-2348-453F-835C-E136D8F8CA51}.Debug|Any CPU.ActiveCfg = Debug|Any CPU
		{046F98A1-2348-453F-835C-E136D8F8CA51}.Debug|Any CPU.Build.0 = Debug|Any CPU
		{046F98A1-2348-453F-835C-E136D8F8CA51}.Release|Any CPU.ActiveCfg = Release|Any CPU
		{046F98A1-2348-453F-835C-E136D8F8CA51}.Release|Any CPU.Build.0 = Release|Any CPU
		{72B8A549-9E9E-4867-8805-02A6687D9606}.Debug|Any CPU.ActiveCfg = Debug|Any CPU
		{72B8A549-9E9E-4867-8805-02A6687D9606}.Debug|Any CPU.Build.0 = Debug|Any CPU
		{72B8A549-9E9E-4867-8805-02A6687D9606}.Release|Any CPU.ActiveCfg = Release|Any CPU
		{72B8A549-9E9E-4867-8805-02A6687D9606}.Release|Any CPU.Build.0 = Release|Any CPU
	EndGlobalSection
	GlobalSection(SolutionProperties) = preSolution
		HideSolutionNode = FALSE
	EndGlobalSection
EndGlobal
